# Run ./gradlew writeVersionsLocks to regenerate this file
com.google.errorprone:error_prone_annotations:2.23.0 (3 constraints: 1d2e76bd)
com.palantir.safe-logging:logger:3.7.0 (1 constraints: 0c050f36)
com.palantir.safe-logging:logger-slf4j:3.7.0 (1 constraints: 050e6842)
com.palantir.safe-logging:logger-spi:3.7.0 (2 constraints: 191ea27b)
com.palantir.safe-logging:safe-logging:3.7.0 (2 constraints: 821dd83d)
org.immutables:value:2.10.1 (1 constraints: 3605303b)
org.slf4j:slf4j-api:2.0.16 (2 constraints: 441a2278)
org.slf4j:slf4j-simple:2.0.16 (1 constraints: 3b05313b)

[Test dependencies]
org.junit:junit-bom:5.11.3 (4 constraints: 37441486)
org.junit.jupiter:junit-jupiter-api:5.11.3 (3 constraints: 551fffed)
org.junit.jupiter:junit-jupiter-engine:5.11.3 (2 constraints: 7c0ec071)
org.junit.platform:junit-platform-commons:1.11.3 (3 constraints: 6f2a1090)
org.junit.platform:junit-platform-engine:1.11.3 (2 constraints: 121afa1e)
org.opentest4j:opentest4j:1.3.0 (2 constraints: cf209249)
