# Run ./gradlew --write-locks to regenerate this file
com.google.errorprone:error_prone_annotations:2.11.0 (3 constraints: 142eb4bb)
com.palantir.safe-logging:logger:1.26.0 (1 constraints: 3b053f3b)
com.palantir.safe-logging:logger-slf4j:1.26.0 (1 constraints: 340e9150)
com.palantir.safe-logging:logger-spi:1.26.0 (2 constraints: 771ed8b0)
com.palantir.safe-logging:safe-logging:1.26.0 (2 constraints: e01d1972)
org.immutables:value:2.9.0 (1 constraints: 0d051036)
org.slf4j:slf4j-api:1.7.36 (2 constraints: 4c1a3c78)
org.slf4j:slf4j-simple:1.7.36 (1 constraints: 43054b3b)

[Test dependencies]
org.junit:junit-bom:5.8.2 (4 constraints: 8b4309ae)
org.junit.jupiter:junit-jupiter-api:5.8.2 (3 constraints: d41eada6)
org.junit.jupiter:junit-jupiter-engine:5.8.2 (2 constraints: 260e7a59)
org.junit.platform:junit-platform-commons:1.8.2 (3 constraints: ee29ed2b)
org.junit.platform:junit-platform-engine:1.8.2 (2 constraints: bc19ddf3)
org.opentest4j:opentest4j:1.2.0 (2 constraints: cd205b49)
